
Microsoft Visual Studio Solution File, Format Version 12.00
# Visual Studio Version 16
VisualStudioVersion = 16.6.30114.105
MinimumVisualStudioVersion = 10.0.40219.1
Project("{FAE04EC0-301F-11D3-BF4B-00C04F79EFBC}") = "MediaBalansSaville.WebUI", "MediaBalansSaville.WebUI\MediaBalansSaville.WebUI.csproj", "{618D1DA4-5D85-41AE-BBBA-1AC5B69B11AD}"
EndProject
Project("{FAE04EC0-301F-11D3-BF4B-00C04F79EFBC}") = "MediaBalansSaville.Core", "MediaBalansSaville.Core\MediaBalansSaville.Core.csproj", "{7CFA0978-2260-4457-89DE-E5FA02530A1C}"
EndProject
Project("{FAE04EC0-301F-11D3-BF4B-00C04F79EFBC}") = "MediaBalansSaville.Data", "MediaBalansSaville.Data\MediaBalansSaville.Data.csproj", "{784B01C1-232F-4A64-B3FE-494C81DA0024}"
EndProject
Project("{FAE04EC0-301F-11D3-BF4B-00C04F79EFBC}") = "MediaBalansSaville.Services", "MediaBalansSaville.Services\MediaBalansSaville.Services.csproj", "{CBD7F56D-92EE-4762-A307-030278F8BD7F}"
EndProject
Project("{FAE04EC0-301F-11D3-BF4B-00C04F79EFBC}") = "MediaBalansSaville.Entities", "MediaBalansSaville.Entities\MediaBalansSaville.Entities.csproj", "{0C926003-2298-4480-A731-936BA86D1861}"
EndProject
Global
	GlobalSection(SolutionConfigurationPlatforms) = preSolution
		Debug|Any CPU = Debug|Any CPU
		Debug|x64 = Debug|x64
		Debug|x86 = Debug|x86
		Release|Any CPU = Release|Any CPU
		Release|x64 = Release|x64
		Release|x86 = Release|x86
	EndGlobalSection
	GlobalSection(SolutionProperties) = preSolution
		HideSolutionNode = FALSE
	EndGlobalSection
	GlobalSection(ProjectConfigurationPlatforms) = postSolution
		{618D1DA4-5D85-41AE-BBBA-1AC5B69B11AD}.Debug|Any CPU.ActiveCfg = Debug|Any CPU
		{618D1DA4-5D85-41AE-BBBA-1AC5B69B11AD}.Debug|Any CPU.Build.0 = Debug|Any CPU
		{618D1DA4-5D85-41AE-BBBA-1AC5B69B11AD}.Debug|x64.ActiveCfg = Debug|Any CPU
		{618D1DA4-5D85-41AE-BBBA-1AC5B69B11AD}.Debug|x64.Build.0 = Debug|Any CPU
		{618D1DA4-5D85-41AE-BBBA-1AC5B69B11AD}.Debug|x86.ActiveCfg = Debug|Any CPU
		{618D1DA4-5D85-41AE-BBBA-1AC5B69B11AD}.Debug|x86.Build.0 = Debug|Any CPU
		{618D1DA4-5D85-41AE-BBBA-1AC5B69B11AD}.Release|Any CPU.ActiveCfg = Release|Any CPU
		{618D1DA4-5D85-41AE-BBBA-1AC5B69B11AD}.Release|Any CPU.Build.0 = Release|Any CPU
		{618D1DA4-5D85-41AE-BBBA-1AC5B69B11AD}.Release|x64.ActiveCfg = Release|Any CPU
		{618D1DA4-5D85-41AE-BBBA-1AC5B69B11AD}.Release|x64.Build.0 = Release|Any CPU
		{618D1DA4-5D85-41AE-BBBA-1AC5B69B11AD}.Release|x86.ActiveCfg = Release|Any CPU
		{618D1DA4-5D85-41AE-BBBA-1AC5B69B11AD}.Release|x86.Build.0 = Release|Any CPU
		{7CFA0978-2260-4457-89DE-E5FA02530A1C}.Debug|Any CPU.ActiveCfg = Debug|Any CPU
		{7CFA0978-2260-4457-89DE-E5FA02530A1C}.Debug|Any CPU.Build.0 = Debug|Any CPU
		{7CFA0978-2260-4457-89DE-E5FA02530A1C}.Debug|x64.ActiveCfg = Debug|Any CPU
		{7CFA0978-2260-4457-89DE-E5FA02530A1C}.Debug|x64.Build.0 = Debug|Any CPU
		{7CFA0978-2260-4457-89DE-E5FA02530A1C}.Debug|x86.ActiveCfg = Debug|Any CPU
		{7CFA0978-2260-4457-89DE-E5FA02530A1C}.Debug|x86.Build.0 = Debug|Any CPU
		{7CFA0978-2260-4457-89DE-E5FA02530A1C}.Release|Any CPU.ActiveCfg = Release|Any CPU
		{7CFA0978-2260-4457-89DE-E5FA02530A1C}.Release|Any CPU.Build.0 = Release|Any CPU
		{7CFA0978-2260-4457-89DE-E5FA02530A1C}.Release|x64.ActiveCfg = Release|Any CPU
		{7CFA0978-2260-4457-89DE-E5FA02530A1C}.Release|x64.Build.0 = Release|Any CPU
		{7CFA0978-2260-4457-89DE-E5FA02530A1C}.Release|x86.ActiveCfg = Release|Any CPU
		{7CFA0978-2260-4457-89DE-E5FA02530A1C}.Release|x86.Build.0 = Release|Any CPU
		{784B01C1-232F-4A64-B3FE-494C81DA0024}.Debug|Any CPU.ActiveCfg = Debug|Any CPU
		{784B01C1-232F-4A64-B3FE-494C81DA0024}.Debug|Any CPU.Build.0 = Debug|Any CPU
		{784B01C1-232F-4A64-B3FE-494C81DA0024}.Debug|x64.ActiveCfg = Debug|Any CPU
		{784B01C1-232F-4A64-B3FE-494C81DA0024}.Debug|x64.Build.0 = Debug|Any CPU
		{784B01C1-232F-4A64-B3FE-494C81DA0024}.Debug|x86.ActiveCfg = Debug|Any CPU
		{784B01C1-232F-4A64-B3FE-494C81DA0024}.Debug|x86.Build.0 = Debug|Any CPU
		{784B01C1-232F-4A64-B3FE-494C81DA0024}.Release|Any CPU.ActiveCfg = Release|Any CPU
		{784B01C1-232F-4A64-B3FE-494C81DA0024}.Release|Any CPU.Build.0 = Release|Any CPU
		{784B01C1-232F-4A64-B3FE-494C81DA0024}.Release|x64.ActiveCfg = Release|Any CPU
		{784B01C1-232F-4A64-B3FE-494C81DA0024}.Release|x64.Build.0 = Release|Any CPU
		{784B01C1-232F-4A64-B3FE-494C81DA0024}.Release|x86.ActiveCfg = Release|Any CPU
		{784B01C1-232F-4A64-B3FE-494C81DA0024}.Release|x86.Build.0 = Release|Any CPU
		{CBD7F56D-92EE-4762-A307-030278F8BD7F}.Debug|Any CPU.ActiveCfg = Debug|Any CPU
		{CBD7F56D-92EE-4762-A307-030278F8BD7F}.Debug|Any CPU.Build.0 = Debug|Any CPU
		{CBD7F56D-92EE-4762-A307-030278F8BD7F}.Debug|x64.ActiveCfg = Debug|Any CPU
		{CBD7F56D-92EE-4762-A307-030278F8BD7F}.Debug|x64.Build.0 = Debug|Any CPU
		{CBD7F56D-92EE-4762-A307-030278F8BD7F}.Debug|x86.ActiveCfg = Debug|Any CPU
		{CBD7F56D-92EE-4762-A307-030278F8BD7F}.Debug|x86.Build.0 = Debug|Any CPU
		{CBD7F56D-92EE-4762-A307-030278F8BD7F}.Release|Any CPU.ActiveCfg = Release|Any CPU
		{CBD7F56D-92EE-4762-A307-030278F8BD7F}.Release|Any CPU.Build.0 = Release|Any CPU
		{CBD7F56D-92EE-4762-A307-030278F8BD7F}.Release|x64.ActiveCfg = Release|Any CPU
		{CBD7F56D-92EE-4762-A307-030278F8BD7F}.Release|x64.Build.0 = Release|Any CPU
		{CBD7F56D-92EE-4762-A307-030278F8BD7F}.Release|x86.ActiveCfg = Release|Any CPU
		{CBD7F56D-92EE-4762-A307-030278F8BD7F}.Release|x86.Build.0 = Release|Any CPU
		{0C926003-2298-4480-A731-936BA86D1861}.Debug|Any CPU.ActiveCfg = Debug|Any CPU
		{0C926003-2298-4480-A731-936BA86D1861}.Debug|Any CPU.Build.0 = Debug|Any CPU
		{0C926003-2298-4480-A731-936BA86D1861}.Debug|x64.ActiveCfg = Debug|Any CPU
		{0C926003-2298-4480-A731-936BA86D1861}.Debug|x64.Build.0 = Debug|Any CPU
		{0C926003-2298-4480-A731-936BA86D1861}.Debug|x86.ActiveCfg = Debug|Any CPU
		{0C926003-2298-4480-A731-936BA86D1861}.Debug|x86.Build.0 = Debug|Any CPU
		{0C926003-2298-4480-A731-936BA86D1861}.Release|Any CPU.ActiveCfg = Release|Any CPU
		{0C926003-2298-4480-A731-936BA86D1861}.Release|Any CPU.Build.0 = Release|Any CPU
		{0C926003-2298-4480-A731-936BA86D1861}.Release|x64.ActiveCfg = Release|Any CPU
		{0C926003-2298-4480-A731-936BA86D1861}.Release|x64.Build.0 = Release|Any CPU
		{0C926003-2298-4480-A731-936BA86D1861}.Release|x86.ActiveCfg = Release|Any CPU
		{0C926003-2298-4480-A731-936BA86D1861}.Release|x86.Build.0 = Release|Any CPU
	EndGlobalSection
EndGlobal
